
Microsoft Visual Studio Solution File, Format Version 12.00
# Visual Studio Version 16
VisualStudioVersion = 16.0.30406.217
MinimumVisualStudioVersion = 10.0.40219.1
Project("{9A19103F-16F7-4668-BE54-9A1E7A4F7556}") = "CsharpStarter", "CsharpStarter.csproj", "{762A2402-4F59-456E-B9B8-378B4AA1508F}"
EndProject
Project("{FAE04EC0-301F-11D3-BF4B-00C04F79EFBC}") = "001 if", "..\if\001 if.csproj", "{6272EE54-ABD6-44C8-8E23-FAEDA1D2C5DA}"
EndProject
Project("{FAE04EC0-301F-11D3-BF4B-00C04F79EFBC}") = "002 if-else", "..\01if-else\002 if-else.csproj", "{C9AFA628-3E8A-46F8-A5D1-C39FB41A33DD}"
EndProject
Project("{FAE04EC0-301F-11D3-BF4B-00C04F79EFBC}") = "003 if-else", "..\003if-else\003 if-else.csproj", "{8CE90898-4761-4C27-B7DD-99B54AF6CAA9}"
EndProject
Project("{FAE04EC0-301F-11D3-BF4B-00C04F79EFBC}") = "004 if-else", "..\004 if-else\004 if-else.csproj", "{1F620555-E38D-48EB-99AD-7FFFD44169EA}"
EndProject
Project("{FAE04EC0-301F-11D3-BF4B-00C04F79EFBC}") = "005 Autentication", "..\005 Autentication\005 Autentication.csproj", "{A49D5571-042B-40AD-AB44-00A0835ABDEF}"
EndProject
Project("{FAE04EC0-301F-11D3-BF4B-00C04F79EFBC}") = "006 Temary", "..\0006 Temary\006 Temary.csproj", "{7D18BC6B-0796-4D04-ADCA-5792CFB75CF2}"
EndProject
Project("{FAE04EC0-301F-11D3-BF4B-00C04F79EFBC}") = "007 Temary", "..\007 Temary\007 Temary.csproj", "{4489DBC2-A83B-441E-9F2A-24977B502777}"
EndProject
Project("{FAE04EC0-301F-11D3-BF4B-00C04F79EFBC}") = "008 Temary", "..\008 Temary\008 Temary.csproj", "{F179C3CB-9EB8-4E09-A101-47A409835B95}"
EndProject
Project("{FAE04EC0-301F-11D3-BF4B-00C04F79EFBC}") = "009 Temary", "..\009 Temary\009 Temary.csproj", "{5754820D-310B-4720-AFFA-4B45F04DEC0A}"
EndProject
Project("{FAE04EC0-301F-11D3-BF4B-00C04F79EFBC}") = "010 Temary", "..\010 Temary\010 Temary.csproj", "{060D36B1-D82C-48C0-9467-418F33BE4287}"
EndProject
Project("{FAE04EC0-301F-11D3-BF4B-00C04F79EFBC}") = "011 Temary", "..\011 Temary\011 Temary.csproj", "{36C717D9-D92E-4038-B591-F15270856A17}"
EndProject
Global
	GlobalSection(SolutionConfigurationPlatforms) = preSolution
		Debug|Any CPU = Debug|Any CPU
		Release|Any CPU = Release|Any CPU
	EndGlobalSection
	GlobalSection(ProjectConfigurationPlatforms) = postSolution
		{762A2402-4F59-456E-B9B8-378B4AA1508F}.Debug|Any CPU.ActiveCfg = Debug|Any CPU
		{762A2402-4F59-456E-B9B8-378B4AA1508F}.Debug|Any CPU.Build.0 = Debug|Any CPU
		{762A2402-4F59-456E-B9B8-378B4AA1508F}.Release|Any CPU.ActiveCfg = Release|Any CPU
		{762A2402-4F59-456E-B9B8-378B4AA1508F}.Release|Any CPU.Build.0 = Release|Any CPU
		{6272EE54-ABD6-44C8-8E23-FAEDA1D2C5DA}.Debug|Any CPU.ActiveCfg = Debug|Any CPU
		{6272EE54-ABD6-44C8-8E23-FAEDA1D2C5DA}.Debug|Any CPU.Build.0 = Debug|Any CPU
		{6272EE54-ABD6-44C8-8E23-FAEDA1D2C5DA}.Release|Any CPU.ActiveCfg = Release|Any CPU
		{6272EE54-ABD6-44C8-8E23-FAEDA1D2C5DA}.Release|Any CPU.Build.0 = Release|Any CPU
		{C9AFA628-3E8A-46F8-A5D1-C39FB41A33DD}.Debug|Any CPU.ActiveCfg = Debug|Any CPU
		{C9AFA628-3E8A-46F8-A5D1-C39FB41A33DD}.Debug|Any CPU.Build.0 = Debug|Any CPU
		{C9AFA628-3E8A-46F8-A5D1-C39FB41A33DD}.Release|Any CPU.ActiveCfg = Release|Any CPU
		{C9AFA628-3E8A-46F8-A5D1-C39FB41A33DD}.Release|Any CPU.Build.0 = Release|Any CPU
		{8CE90898-4761-4C27-B7DD-99B54AF6CAA9}.Debug|Any CPU.ActiveCfg = Debug|Any CPU
		{8CE90898-4761-4C27-B7DD-99B54AF6CAA9}.Debug|Any CPU.Build.0 = Debug|Any CPU
		{8CE90898-4761-4C27-B7DD-99B54AF6CAA9}.Release|Any CPU.ActiveCfg = Release|Any CPU
		{8CE90898-4761-4C27-B7DD-99B54AF6CAA9}.Release|Any CPU.Build.0 = Release|Any CPU
		{1F620555-E38D-48EB-99AD-7FFFD44169EA}.Debug|Any CPU.ActiveCfg = Debug|Any CPU
		{1F620555-E38D-48EB-99AD-7FFFD44169EA}.Debug|Any CPU.Build.0 = Debug|Any CPU
		{1F620555-E38D-48EB-99AD-7FFFD44169EA}.Release|Any CPU.ActiveCfg = Release|Any CPU
		{1F620555-E38D-48EB-99AD-7FFFD44169EA}.Release|Any CPU.Build.0 = Release|Any CPU
		{A49D5571-042B-40AD-AB44-00A0835ABDEF}.Debug|Any CPU.ActiveCfg = Debug|Any CPU
		{A49D5571-042B-40AD-AB44-00A0835ABDEF}.Debug|Any CPU.Build.0 = Debug|Any CPU
		{A49D5571-042B-40AD-AB44-00A0835ABDEF}.Release|Any CPU.ActiveCfg = Release|Any CPU
		{A49D5571-042B-40AD-AB44-00A0835ABDEF}.Release|Any CPU.Build.0 = Release|Any CPU
		{7D18BC6B-0796-4D04-ADCA-5792CFB75CF2}.Debug|Any CPU.ActiveCfg = Debug|Any CPU
		{7D18BC6B-0796-4D04-ADCA-5792CFB75CF2}.Debug|Any CPU.Build.0 = Debug|Any CPU
		{7D18BC6B-0796-4D04-ADCA-5792CFB75CF2}.Release|Any CPU.ActiveCfg = Release|Any CPU
		{7D18BC6B-0796-4D04-ADCA-5792CFB75CF2}.Release|Any CPU.Build.0 = Release|Any CPU
		{4489DBC2-A83B-441E-9F2A-24977B502777}.Debug|Any CPU.ActiveCfg = Debug|Any CPU
		{4489DBC2-A83B-441E-9F2A-24977B502777}.Debug|Any CPU.Build.0 = Debug|Any CPU
		{4489DBC2-A83B-441E-9F2A-24977B502777}.Release|Any CPU.ActiveCfg = Release|Any CPU
		{4489DBC2-A83B-441E-9F2A-24977B502777}.Release|Any CPU.Build.0 = Release|Any CPU
		{F179C3CB-9EB8-4E09-A101-47A409835B95}.Debug|Any CPU.ActiveCfg = Debug|Any CPU
		{F179C3CB-9EB8-4E09-A101-47A409835B95}.Debug|Any CPU.Build.0 = Debug|Any CPU
		{F179C3CB-9EB8-4E09-A101-47A409835B95}.Release|Any CPU.ActiveCfg = Release|Any CPU
		{F179C3CB-9EB8-4E09-A101-47A409835B95}.Release|Any CPU.Build.0 = Release|Any CPU
		{5754820D-310B-4720-AFFA-4B45F04DEC0A}.Debug|Any CPU.ActiveCfg = Debug|Any CPU
		{5754820D-310B-4720-AFFA-4B45F04DEC0A}.Debug|Any CPU.Build.0 = Debug|Any CPU
		{5754820D-310B-4720-AFFA-4B45F04DEC0A}.Release|Any CPU.ActiveCfg = Release|Any CPU
		{5754820D-310B-4720-AFFA-4B45F04DEC0A}.Release|Any CPU.Build.0 = Release|Any CPU
		{060D36B1-D82C-48C0-9467-418F33BE4287}.Debug|Any CPU.ActiveCfg = Debug|Any CPU
		{060D36B1-D82C-48C0-9467-418F33BE4287}.Debug|Any CPU.Build.0 = Debug|Any CPU
		{060D36B1-D82C-48C0-9467-418F33BE4287}.Release|Any CPU.ActiveCfg = Release|Any CPU
		{060D36B1-D82C-48C0-9467-418F33BE4287}.Release|Any CPU.Build.0 = Release|Any CPU
		{36C717D9-D92E-4038-B591-F15270856A17}.Debug|Any CPU.ActiveCfg = Debug|Any CPU
		{36C717D9-D92E-4038-B591-F15270856A17}.Debug|Any CPU.Build.0 = Debug|Any CPU
		{36C717D9-D92E-4038-B591-F15270856A17}.Release|Any CPU.ActiveCfg = Release|Any CPU
		{36C717D9-D92E-4038-B591-F15270856A17}.Release|Any CPU.Build.0 = Release|Any CPU
	EndGlobalSection
	GlobalSection(SolutionProperties) = preSolution
		HideSolutionNode = FALSE
	EndGlobalSection
	GlobalSection(ExtensibilityGlobals) = postSolution
		SolutionGuid = {790195A4-2B03-421D-8BEF-A84F132CF5D9}
	EndGlobalSection
EndGlobal
