
Microsoft Visual Studio Solution File, Format Version 12.00
# Visual Studio Version 16
VisualStudioVersion = 16.0.30406.217
MinimumVisualStudioVersion = 10.0.40219.1
Project("{FAE04EC0-301F-11D3-BF4B-00C04F79EFBC}") = "NewProject", "NewProject.csproj", "{762A2402-4F59-456E-B9B8-378B4AA1508F}"
EndProject
Global
	GlobalSection(SolutionConfigurationPlatforms) = preSolution
		Debug|Any CPU = Debug|Any CPU
		Release|Any CPU = Release|Any CPU
	EndGlobalSection
	GlobalSection(ProjectConfigurationPlatforms) = postSolution
		{762A2402-4F59-456E-B9B8-378B4AA1508F}.Debug|Any CPU.ActiveCfg = Debug|Any CPU
		{762A2402-4F59-456E-B9B8-378B4AA1508F}.Debug|Any CPU.Build.0 = Debug|Any CPU
		{762A2402-4F59-456E-B9B8-378B4AA1508F}.Release|Any CPU.ActiveCfg = Release|Any CPU
		{762A2402-4F59-456E-B9B8-378B4AA1508F}.Release|Any CPU.Build.0 = Release|Any CPU
	EndGlobalSection
	GlobalSection(SolutionProperties) = preSolution
		HideSolutionNode = FALSE
	EndGlobalSection
	GlobalSection(ExtensibilityGlobals) = postSolution
		SolutionGuid = {790195A4-2B03-421D-8BEF-A84F132CF5D9}
	EndGlobalSection
EndGlobal
